<?xml version="1.0" encoding="utf-8"?>
<Project ToolsVersion="4.0" xmlns="http://schemas.microsoft.com/developer/msbuild/2003">
  <ItemGroup>
    <Filter Include="Source Files">
      <UniqueIdentifier>{4FC737F1-C7A5-4376-A066-2A32D752A2FF}</UniqueIdentifier>
      <Extensions>cpp;c;cc;cxx;c++;cppm;ixx;def;odl;idl;hpj;bat;asm;asmx</Extensions>
    </Filter>
    <Filter Include="Header Files">
      <UniqueIdentifier>{93995380-89BD-4b04-88EB-625FBE52EBFB}</UniqueIdentifier>
      <Extensions>h;hh;hpp;hxx;h++;hm;inl;inc;ipp;xsd</Extensions>
    </Filter>
    <Filter Include="Resource Files">
      <UniqueIdentifier>{67DA6AB6-F800-4c08-8B7A-83BB121AAD01}</UniqueIdentifier>
      <Extensions>rc;ico;cur;bmp;dlg;rc2;rct;bin;rgs;gif;jpg;jpeg;jpe;resx;tiff;tif;png;wav;mfcribbon-ms</Extensions>
    </Filter>
    <Filter Include="Widgets">
      <UniqueIdentifier>{ef4d7f80-605d-4d2b-b66e-4f6743585ab2}</UniqueIdentifier>
    </Filter>
  </ItemGroup>
  <ItemGroup>
    <ClCompile Include="src\CallBackTimer.cpp">
      <Filter>Source Files</Filter>
    </ClCompile>
    <ClCompile Include="src\controller.cpp">
      <Filter>Source Files</Filter>
    </ClCompile>
    <ClCompile Include="src\main.cpp">
      <Filter>Source Files</Filter>
    </ClCompile>
    <ClCompile Include="src\messages.cpp">
      <Filter>Source Files</Filter>
    </ClCompile>
    <ClCompile Include="src\my_ssql.cpp">
      <Filter>Source Files</Filter>
    </ClCompile>
    <ClCompile Include="src\paint.cpp">
      <Filter>Source Files</Filter>
    </ClCompile>
    <ClCompile Include="src\process.cpp">
      <Filter>Source Files</Filter>
    </ClCompile>
    <ClCompile Include="src\ssql.cpp">
      <Filter>Source Files</Filter>
    </ClCompile>
    <ClCompile Include="src\Widgets\widget.cpp">
      <Filter>Widgets</Filter>
    </ClCompile>
    <ClCompile Include="src\Widgets\window.cpp">
      <Filter>Widgets</Filter>
    </ClCompile>
    <ClCompile Include="src\Widgets\canvas.cpp">
      <Filter>Widgets</Filter>
    </ClCompile>
  </ItemGroup>
  <ItemGroup>
    <ClInclude Include="src\CallBackTimer.h">
      <Filter>Header Files</Filter>
    </ClInclude>
    <ClInclude Include="src\controller.h">
      <Filter>Header Files</Filter>
    </ClInclude>
    <ClInclude Include="src\messages.h">
      <Filter>Header Files</Filter>
    </ClInclude>
    <ClInclude Include="src\my_ssql.h">
      <Filter>Header Files</Filter>
    </ClInclude>
    <ClInclude Include="src\paint.h">
      <Filter>Header Files</Filter>
    </ClInclude>
    <ClInclude Include="src\process.h">
      <Filter>Header Files</Filter>
    </ClInclude>
    <ClInclude Include="src\ssql.h">
      <Filter>Header Files</Filter>
    </ClInclude>
    <ClInclude Include="src\printer.h">
      <Filter>Header Files</Filter>
    </ClInclude>
    <ClInclude Include="src\windowinput.h">
      <Filter>Header Files</Filter>
    </ClInclude>
    <ClInclude Include="src\util.h">
      <Filter>Header Files</Filter>
    </ClInclude>
    <ClInclude Include="src\Widgets\canvas.h">
      <Filter>Widgets</Filter>
    </ClInclude>
    <ClInclude Include="src\Widgets\widget.h">
      <Filter>Widgets</Filter>
    </ClInclude>
    <ClInclude Include="src\Widgets\window.h">
      <Filter>Widgets</Filter>
    </ClInclude>
  </ItemGroup>
</Project>